PODS:
  - Alamofire (4.7.2)
  - Differentiator (3.0.2)
  - Kickstarter-Prelude (0.0.2):
    - Runes (~> 4.1.0)
  - Moya (11.0.2):
    - Moya/Core (= 11.0.2)
  - Moya/Core (11.0.2):
    - Alamofire (~> 4.1)
    - Result (~> 3.0)
  - Moya/RxSwift (11.0.2):
    - Moya/Core
    - RxSwift (~> 4.0)
  - Result (3.2.4)
  - Runes (4.1.0)
  - RxCocoa (4.1.2):
    - RxSwift (~> 4.0)
  - RxDataSources (3.0.2):
    - Differentiator (~> 3.0)
    - RxCocoa (~> 4.0)
    - RxSwift (~> 4.0)
  - RxSwift (4.1.2)
  - RxTest (4.1.2):
    - RxSwift (~> 4.0)

DEPENDENCIES:
  - Kickstarter-Prelude
  - Moya
  - Moya/RxSwift
  - RxCocoa
  - RxDataSources
  - RxSwift
  - RxTest

SPEC REPOS:
  https://github.com/CocoaPods/Specs.git:
    - Alamofire
    - Differentiator
    - Kickstarter-Prelude
    - Moya
    - Result
    - Runes
    - RxCocoa
    - RxDataSources
    - RxSwift
    - RxTest

SPEC CHECKSUMS:
  Alamofire: e4fa87002c137ba2d8d634d2c51fabcda0d5c223
  Differentiator: a87be69eba49ec4ab460c7671143ee3a9eececfd
  Kickstarter-Prelude: b4b2f7de1af0b1d209a947168f5c64604806bdcf
  Moya: a725035953bc1c0eb1be505ab903984501d82440
  Result: d2d07204ce72856f1fd9130bbe42c35a7b0fea10
  Runes: 72a67a5bbbe1b5fdae08b5a01b10c60d83fc69aa
  RxCocoa: d88ba0f1f6abf040011a9eb4b539324fc426843a
  RxDataSources: cb7c31e652a87ebb919da45f716bbb87b3765f6b
  RxSwift: e49536837d9901277638493ea537394d4b55f570
  RxTest: e634f15fd2c2cd0e0120132ef7a4f7be69ad0393

PODFILE CHECKSUM: d5d1335917aa3fddb404a34df6bc0d38e073ef4d

COCOAPODS: 1.5.0
